
Microsoft Visual Studio Solution File, Format Version 12.00
# Visual Studio 15
VisualStudioVersion = 15.0.28010.2041
MinimumVisualStudioVersion = 10.0.40219.1
Project("{FAE04EC0-301F-11D3-BF4B-00C04F79EFBC}") = "Tetris", "Tetris\Tetris.csproj", "{17458BB9-4299-4918-8CBC-2497541440FB}"
EndProject
Global
	GlobalSection(SolutionConfigurationPlatforms) = preSolution
		Debug|Any CPU = Debug|Any CPU
		Release|Any CPU = Release|Any CPU
	EndGlobalSection
	GlobalSection(ProjectConfigurationPlatforms) = postSolution
		{17458BB9-4299-4918-8CBC-2497541440FB}.Debug|Any CPU.ActiveCfg = Debug|Any CPU
		{17458BB9-4299-4918-8CBC-2497541440FB}.Debug|Any CPU.Build.0 = Debug|Any CPU
		{17458BB9-4299-4918-8CBC-2497541440FB}.Release|Any CPU.ActiveCfg = Release|Any CPU
		{17458BB9-4299-4918-8CBC-2497541440FB}.Release|Any CPU.Build.0 = Release|Any CPU
	EndGlobalSection
	GlobalSection(SolutionProperties) = preSolution
		HideSolutionNode = FALSE
	EndGlobalSection
	GlobalSection(ExtensibilityGlobals) = postSolution
		SolutionGuid = {ECDC3A6B-A92E-4921-8FAD-0E83235D453D}
	EndGlobalSection
EndGlobal
